
Microsoft Visual Studio Solution File, Format Version 12.00
# Visual Studio 15
VisualStudioVersion = 15.0.27703.2026
MinimumVisualStudioVersion = 10.0.40219.1
Project("{FAE04EC0-301F-11D3-BF4B-00C04F79EFBC}") = "PracticaWrapPanel1", "PracticaWrapPanel1\PracticaWrapPanel1.csproj", "{4619FF49-FEA5-4CAA-A6B9-DE593EF072D4}"
EndProject
Global
	GlobalSection(SolutionConfigurationPlatforms) = preSolution
		Debug|Any CPU = Debug|Any CPU
		Release|Any CPU = Release|Any CPU
	EndGlobalSection
	GlobalSection(ProjectConfigurationPlatforms) = postSolution
		{4619FF49-FEA5-4CAA-A6B9-DE593EF072D4}.Debug|Any CPU.ActiveCfg = Debug|Any CPU
		{4619FF49-FEA5-4CAA-A6B9-DE593EF072D4}.Debug|Any CPU.Build.0 = Debug|Any CPU
		{4619FF49-FEA5-4CAA-A6B9-DE593EF072D4}.Release|Any CPU.ActiveCfg = Release|Any CPU
		{4619FF49-FEA5-4CAA-A6B9-DE593EF072D4}.Release|Any CPU.Build.0 = Release|Any CPU
	EndGlobalSection
	GlobalSection(SolutionProperties) = preSolution
		HideSolutionNode = FALSE
	EndGlobalSection
	GlobalSection(ExtensibilityGlobals) = postSolution
		SolutionGuid = {304ECDDA-26BB-4CEF-8B5C-C6611E80770C}
	EndGlobalSection
EndGlobal
